
Microsoft Visual Studio Solution File, Format Version 12.00
# Visual Studio Version 17
VisualStudioVersion = 17.5.33627.172
MinimumVisualStudioVersion = 10.0.40219.1
Project("{888888A0-9F3D-457C-B088-3A5042F75D52}") = "Careerone_Scraper", "Careerone_Scraper.pyproj", "{B4B59724-329A-427F-B300-BDA78F81914A}"
EndProject
Global
	GlobalSection(SolutionConfigurationPlatforms) = preSolution
		Debug|Any CPU = Debug|Any CPU
		Release|Any CPU = Release|Any CPU
	EndGlobalSection
	GlobalSection(ProjectConfigurationPlatforms) = postSolution
		{B4B59724-329A-427F-B300-BDA78F81914A}.Debug|Any CPU.ActiveCfg = Debug|Any CPU
		{B4B59724-329A-427F-B300-BDA78F81914A}.Release|Any CPU.ActiveCfg = Release|Any CPU
	EndGlobalSection
	GlobalSection(SolutionProperties) = preSolution
		HideSolutionNode = FALSE
	EndGlobalSection
	GlobalSection(ExtensibilityGlobals) = postSolution
		SolutionGuid = {1A395CC7-5ABC-4225-8B1A-8C363B3C3BCC}
	EndGlobalSection
EndGlobal
